
Microsoft Visual Studio Solution File, Format Version 12.00
# Visual Studio Version 17
VisualStudioVersion = 17.11.35312.102
MinimumVisualStudioVersion = 10.0.40219.1
Project("{FAE04EC0-301F-11D3-BF4B-00C04F79EFBC}") = "WinFormsApp1", "WinFormsApp1\WinFormsApp1.csproj", "{216C559B-4AE5-4BEE-91E8-84E36B8FEDFC}"
EndProject
Global
	GlobalSection(SolutionConfigurationPlatforms) = preSolution
		Debug|Any CPU = Debug|Any CPU
		Release|Any CPU = Release|Any CPU
	EndGlobalSection
	GlobalSection(ProjectConfigurationPlatforms) = postSolution
		{216C559B-4AE5-4BEE-91E8-84E36B8FEDFC}.Debug|Any CPU.ActiveCfg = Debug|Any CPU
		{216C559B-4AE5-4BEE-91E8-84E36B8FEDFC}.Debug|Any CPU.Build.0 = Debug|Any CPU
		{216C559B-4AE5-4BEE-91E8-84E36B8FEDFC}.Release|Any CPU.ActiveCfg = Release|Any CPU
		{216C559B-4AE5-4BEE-91E8-84E36B8FEDFC}.Release|Any CPU.Build.0 = Release|Any CPU
	EndGlobalSection
	GlobalSection(SolutionProperties) = preSolution
		HideSolutionNode = FALSE
	EndGlobalSection
	GlobalSection(ExtensibilityGlobals) = postSolution
		SolutionGuid = {1C1A8498-7699-4DCA-925C-07544F524C96}
	EndGlobalSection
EndGlobal
